
Microsoft Visual Studio Solution File, Format Version 12.00
# Visual Studio 15
Project("{FAE04EC0-301F-11D3-BF4B-00C04F79EFBC}") = "Tests", "TestServer\Tests.csproj", "{9727C100-D1E4-43B3-97FB-2818DE0AF8A0}"
EndProject
Project("{FAE04EC0-301F-11D3-BF4B-00C04F79EFBC}") = "YourApi", "YourApi\YourApi.csproj", "{E28A5F57-0DCC-4566-A2B8-37552B4BF3A9}"
EndProject
Project("{2150E333-8FDC-42A3-9474-1A3956D46DE8}") = "Solution Items", "Solution Items", "{F68442FC-69E1-4D3B-8AA8-B98B35FC9B82}"
	ProjectSection(SolutionItems) = preProject
		..\README.md = ..\README.md
		docker-compose.yml = docker-compose.yml
	EndProjectSection
EndProject
Global
	GlobalSection(SolutionConfigurationPlatforms) = preSolution
		Debug|Any CPU = Debug|Any CPU
		Release|Any CPU = Release|Any CPU
	EndGlobalSection
	GlobalSection(ProjectConfigurationPlatforms) = postSolution
		{9727C100-D1E4-43B3-97FB-2818DE0AF8A0}.Debug|Any CPU.ActiveCfg = Debug|Any CPU
		{9727C100-D1E4-43B3-97FB-2818DE0AF8A0}.Debug|Any CPU.Build.0 = Debug|Any CPU
		{9727C100-D1E4-43B3-97FB-2818DE0AF8A0}.Release|Any CPU.ActiveCfg = Release|Any CPU
		{9727C100-D1E4-43B3-97FB-2818DE0AF8A0}.Release|Any CPU.Build.0 = Release|Any CPU
		{E28A5F57-0DCC-4566-A2B8-37552B4BF3A9}.Debug|Any CPU.ActiveCfg = Debug|Any CPU
		{E28A5F57-0DCC-4566-A2B8-37552B4BF3A9}.Debug|Any CPU.Build.0 = Debug|Any CPU
		{E28A5F57-0DCC-4566-A2B8-37552B4BF3A9}.Release|Any CPU.ActiveCfg = Release|Any CPU
		{E28A5F57-0DCC-4566-A2B8-37552B4BF3A9}.Release|Any CPU.Build.0 = Release|Any CPU
	EndGlobalSection
EndGlobal
